{
    "_readme": [
        "This file locks the dependencies of your project to a known state",
        "Read more about it at https://getcomposer.org/doc/01-basic-usage.md#composer-lock-the-lock-file",
        "This file is @generated automatically"
    ],
    "hash": "25c70e3eade6cb4629d9d18505f8b369",
    "packages": [
        {
            "name": "ad7six/dsn",
            "version": "0.3.1",
            "source": {
                "type": "git",
                "url": "https://github.com/AD7six/php-dsn.git",
                "reference": "649b42a6cc5878dacef8a3b41efbf72e133440c0"
            },
            "dist": {
                "type": "zip",
                "url": "https://api.github.com/repos/AD7six/php-dsn/zipball/649b42a6cc5878dacef8a3b41efbf72e133440c0",
                "reference": "649b42a6cc5878dacef8a3b41efbf72e133440c0",
                "shasum": ""
            },
            "require": {
                "php": ">=5.4.0"
            },
            "suggest": {
                "josegonzalez/dotenv": "0.1.*"
            },
            "type": "library",
            "autoload": {
                "psr-4": {
                    "AD7six\\Dsn\\": "src",
                    "AD7six\\Dsn\\Test\\": "tests"
                }
            },
            "notification-url": "https://packagist.org/downloads/",
            "license": [
                "MIT"
            ],
            "authors": [
                {
                    "name": "Andy Dawson",
                    "email": "andydawson76@gmail.com",
                    "homepage": "http://ad7six.com",
                    "role": "Maintainer"
                }
            ],
            "description": "A utility for parsing and generating service DSNs",
            "time": "2014-05-31 16:17:08"
        },
        {
            "name": "cakephp/cakephp",
            "version": "2.5.8",
            "source": {
                "type": "git",
                "url": "https://github.com/cakephp/cakephp.git",
                "reference": "667e2be2d27ad210769f919fefdb35e45ab354d5"
            },
            "dist": {
                "type": "zip",
                "url": "https://api.github.com/repos/cakephp/cakephp/zipball/667e2be2d27ad210769f919fefdb35e45ab354d5",
                "reference": "667e2be2d27ad210769f919fefdb35e45ab354d5",
                "shasum": ""
            },
            "require": {
                "ext-mcrypt": "*",
                "php": ">=5.2.8"
            },
            "require-dev": {
                "cakephp/debug_kit": "2.2.*",
                "phpunit/phpunit": "3.7.*"
            },
            "bin": [
                "lib/Cake/Console/cake"
            ],
            "type": "library",
            "notification-url": "https://packagist.org/downloads/",
            "license": [
                "MIT"
            ],
            "authors": [
                {
                    "name": "CakePHP Community",
                    "homepage": "https://github.com/cakephp/cakephp/graphs/contributors"
                }
            ],
            "description": "The CakePHP framework",
            "homepage": "http://cakephp.org",
            "keywords": [
                "framework"
            ],
            "time": "2014-12-23 16:21:16"
        },
        {
            "name": "chrisvogt/cakephp-wakatime",
            "version": "0.9.2",
            "source": {
                "type": "git",
                "url": "https://github.com/chrisvogt/cakephp-wakatime.git",
                "reference": "41d2489e0e8150d5810c1de48f8606511ca945e6"
            },
            "dist": {
                "type": "zip",
                "url": "https://api.github.com/repos/chrisvogt/cakephp-wakatime/zipball/41d2489e0e8150d5810c1de48f8606511ca945e6",
                "reference": "41d2489e0e8150d5810c1de48f8606511ca945e6",
                "shasum": ""
            },
            "require": {
                "composer/installers": "*",
                "mabasic/wakatime-php-api": "~1.1",
                "php": ">=5.4"
            },
            "type": "cakephp-plugin",
            "extra": {
                "installer-name": "WakaTime"
            },
            "notification-url": "https://packagist.org/downloads/",
            "license": [
                "MIT"
            ],
            "authors": [
                {
                    "name": "Chris Vogt",
                    "email": "mail@chrisvogt.me"
                }
            ],
            "description": "CakePHP WakaTime web API consumer component.",
            "homepage": "https://github.com/chrisvogt/cakephp-wakatime",
            "keywords": [
                "api",
                "cakephp",
                "component",
                "wakatime"
            ],
            "time": "2015-05-22 06:01:29"
        },
        {
            "name": "composer/installers",
            "version": "dev-master",
            "source": {
                "type": "git",
                "url": "https://github.com/composer/installers.git",
                "reference": "e420b539e8d7b38b7c6f3f99dccc0386bd3dfe41"
            },
            "dist": {
                "type": "zip",
                "url": "https://api.github.com/repos/composer/installers/zipball/e420b539e8d7b38b7c6f3f99dccc0386bd3dfe41",
                "reference": "e420b539e8d7b38b7c6f3f99dccc0386bd3dfe41",
                "shasum": ""
            },
            "replace": {
                "roundcube/plugin-installer": "*",
                "shama/baton": "*"
            },
            "require-dev": {
                "composer/composer": "1.0.*@dev",
                "phpunit/phpunit": "4.1.*"
            },
            "type": "composer-installer",
            "extra": {
                "class": "Composer\\Installers\\Installer",
                "branch-alias": {
                    "dev-master": "1.0-dev"
                }
            },
            "autoload": {
                "psr-0": {
                    "Composer\\Installers\\": "src/"
                }
            },
            "notification-url": "https://packagist.org/downloads/",
            "license": [
                "MIT"
            ],
            "authors": [
                {
                    "name": "Kyle Robinson Young",
                    "email": "kyle@dontkry.com",
                    "homepage": "https://github.com/shama"
                }
            ],
            "description": "A multi-framework Composer library installer",
            "homepage": "http://composer.github.com/installers/",
            "keywords": [
                "Craft",
                "Dolibarr",
                "Hurad",
                "MODX Evo",
                "OXID",
                "SMF",
                "Thelia",
                "WolfCMS",
                "agl",
                "aimeos",
                "annotatecms",
                "bitrix",
                "cakephp",
                "chef",
                "codeigniter",
                "concrete5",
                "croogo",
                "dokuwiki",
                "drupal",
                "elgg",
                "fuelphp",
                "grav",
                "installer",
                "joomla",
                "kohana",
                "laravel",
                "lithium",
                "magento",
                "mako",
                "mediawiki",
                "modulework",
                "moodle",
                "phpbb",
                "piwik",
                "ppi",
                "puppet",
                "roundcube",
                "shopware",
                "silverstripe",
                "symfony",
                "typo3",
                "wordpress",
                "zend",
                "zikula"
            ],
            "time": "2015-06-13 15:30:38"
        },
        {
            "name": "friendsofcake/crud",
            "version": "3.0.x-dev",
            "source": {
                "type": "git",
                "url": "https://github.com/FriendsOfCake/crud.git",
                "reference": "e22c1563a51d86aac0d5054beee28b4afb60c802"
            },
            "dist": {
                "type": "zip",
                "url": "https://api.github.com/repos/FriendsOfCake/crud/zipball/e22c1563a51d86aac0d5054beee28b4afb60c802",
                "reference": "e22c1563a51d86aac0d5054beee28b4afb60c802",
                "shasum": ""
            },
            "require": {
                "composer/installers": "*"
            },
            "suggest": {
                "cakedc/search": "If you want to use the Search Listener"
            },
            "type": "cakephp-plugin",
            "extra": {
                "installer-name": "Crud"
            },
            "notification-url": "https://packagist.org/downloads/",
            "license": [
                "MIT"
            ],
            "authors": [
                {
                    "name": "Christian Winther",
                    "homepage": "http://cakephp.nu/",
                    "role": "Author"
                },
                {
                    "name": "José Lorenzo Rodríguez",
                    "homepage": "https://github.com/lorenzo",
                    "role": "Contributor"
                },
                {
                    "name": "Andy Dawson",
                    "homepage": "https://github.com/ad7six",
                    "role": "Contributor"
                },
                {
                    "name": "ADmad",
                    "homepage": "https://github.com/admad",
                    "role": "Contributor"
                }
            ],
            "description": "CakePHP Application development on steroids - rapid prototyping / scaffolding & production ready code - XML / JSON APIs and more",
            "homepage": "https://github.com/FriendsOfCake/crud",
            "keywords": [
                "bake",
                "cake",
                "cakephp",
                "create",
                "crud",
                "delete",
                "retrieve",
                "scaffold",
                "scaffolding",
                "update"
            ],
            "time": "2015-06-04 01:53:58"
        },
        {
            "name": "ghunti/highcharts-php",
            "version": "v3.0.1",
            "source": {
                "type": "git",
                "url": "https://github.com/ghunti/HighchartsPHP.git",
                "reference": "cbaed3baefc7b67d7b6a30159ae1f975089c8474"
            },
            "dist": {
                "type": "zip",
                "url": "https://api.github.com/repos/ghunti/HighchartsPHP/zipball/cbaed3baefc7b67d7b6a30159ae1f975089c8474",
                "reference": "cbaed3baefc7b67d7b6a30159ae1f975089c8474",
                "shasum": ""
            },
            "require": {
                "php": ">=5.3.0"
            },
            "type": "library",
            "autoload": {
                "psr-4": {
                    "Ghunti\\HighchartsPHP\\": "src/"
                }
            },
            "notification-url": "https://packagist.org/downloads/",
            "license": [
                "GPL-3.0"
            ],
            "authors": [
                {
                    "name": "Gonçalo Queirós",
                    "email": "mail@goncaloqueiros.net",
                    "homepage": "http://goncaloqueiros.net",
                    "role": "Developer"
                }
            ],
            "description": "A php wrapper for highcharts and highstock javascript libraries",
            "homepage": "http://goncaloqueiros.net/highcharts.php",
            "keywords": [
                "charts",
                "highcharts",
                "highstock",
                "javascript",
                "php"
            ],
            "time": "2015-04-22 22:16:35"
        },
        {
            "name": "guzzlehttp/guzzle",
            "version": "4.2.3",
            "source": {
                "type": "git",
                "url": "https://github.com/guzzle/guzzle.git",
                "reference": "66fd916e9f9130bc22c51450476823391cb2f67c"
            },
            "dist": {
                "type": "zip",
                "url": "https://api.github.com/repos/guzzle/guzzle/zipball/66fd916e9f9130bc22c51450476823391cb2f67c",
                "reference": "66fd916e9f9130bc22c51450476823391cb2f67c",
                "shasum": ""
            },
            "require": {
                "ext-json": "*",
                "guzzlehttp/streams": "~2.1",
                "php": ">=5.4.0"
            },
            "require-dev": {
                "ext-curl": "*",
                "phpunit/phpunit": "~4.0",
                "psr/log": "~1.0"
            },
            "suggest": {
                "ext-curl": "Guzzle will use specific adapters if cURL is present"
            },
            "type": "library",
            "extra": {
                "branch-alias": {
                    "dev-master": "4.2-dev"
                }
            },
            "autoload": {
                "psr-4": {
                    "GuzzleHttp\\": "src/"
                },
                "files": [
                    "src/functions.php"
                ]
            },
            "notification-url": "https://packagist.org/downloads/",
            "license": [
                "MIT"
            ],
            "authors": [
                {
                    "name": "Michael Dowling",
                    "email": "mtdowling@gmail.com",
                    "homepage": "https://github.com/mtdowling"
                }
            ],
            "description": "Guzzle is a PHP HTTP client library and framework for building RESTful web service clients",
            "homepage": "http://guzzlephp.org/",
            "keywords": [
                "client",
                "curl",
                "framework",
                "http",
                "http client",
                "rest",
                "web service"
            ],
            "time": "2014-10-05 19:29:14"
        },
        {
            "name": "guzzlehttp/streams",
            "version": "2.1.0",
            "source": {
                "type": "git",
                "url": "https://github.com/guzzle/streams.git",
                "reference": "f91b721d73f0e561410903b3b3c90a5d0e40b534"
            },
            "dist": {
                "type": "zip",
                "url": "https://api.github.com/repos/guzzle/streams/zipball/f91b721d73f0e561410903b3b3c90a5d0e40b534",
                "reference": "f91b721d73f0e561410903b3b3c90a5d0e40b534",
                "shasum": ""
            },
            "require": {
                "php": ">=5.4.0"
            },
            "require-dev": {
                "phpunit/phpunit": "~4.0"
            },
            "type": "library",
            "extra": {
                "branch-alias": {
                    "dev-master": "2.0-dev"
                }
            },
            "autoload": {
                "psr-4": {
                    "GuzzleHttp\\Stream\\": "src/"
                },
                "files": [
                    "src/functions.php"
                ]
            },
            "notification-url": "https://packagist.org/downloads/",
            "license": [
                "MIT"
            ],
            "authors": [
                {
                    "name": "Michael Dowling",
                    "email": "mtdowling@gmail.com",
                    "homepage": "https://github.com/mtdowling"
                }
            ],
            "description": "Provides a simple abstraction over streams of data (Guzzle 4+)",
            "homepage": "http://guzzlephp.org/",
            "keywords": [
                "Guzzle",
                "stream"
            ],
            "time": "2014-08-17 21:15:53"
        },
        {
            "name": "josegonzalez/dotenv",
            "version": "0.3.0",
            "source": {
                "type": "git",
                "url": "https://github.com/josegonzalez/php-dotenv.git",
                "reference": "7979bc305f3a9a197d94db5f5d24d51ff7ab0871"
            },
            "dist": {
                "type": "zip",
                "url": "https://api.github.com/repos/josegonzalez/php-dotenv/zipball/7979bc305f3a9a197d94db5f5d24d51ff7ab0871",
                "reference": "7979bc305f3a9a197d94db5f5d24d51ff7ab0871",
                "shasum": ""
            },
            "require": {
                "php": ">=5.3.0"
            },
            "type": "library",
            "autoload": {
                "psr-0": {
                    "josegonzalez\\Dotenv": [
                        "src",
                        "tests"
                    ]
                }
            },
            "notification-url": "https://packagist.org/downloads/",
            "license": [
                "MIT"
            ],
            "authors": [
                {
                    "name": "Jose Diaz-Gonzalez",
                    "email": "dotenv@josegonzalez.com",
                    "homepage": "http://josediazgonzalez.com",
                    "role": "Maintainer"
                }
            ],
            "description": "dotenv file parsing for PHP",
            "homepage": "https://github.com/josegonzalez/php-dotenv",
            "keywords": [
                "configuration",
                "dotenv",
                "php"
            ],
            "time": "2014-05-28 14:40:35"
        },
        {
            "name": "mabasic/wakatime-php-api",
            "version": "1.1.3",
            "source": {
                "type": "git",
                "url": "https://github.com/mabasic/wakatime-php-api.git",
                "reference": "4ed850663badb813ff2ff253e4b54e64fed92c73"
            },
            "dist": {
                "type": "zip",
                "url": "https://api.github.com/repos/mabasic/wakatime-php-api/zipball/4ed850663badb813ff2ff253e4b54e64fed92c73",
                "reference": "4ed850663badb813ff2ff253e4b54e64fed92c73",
                "shasum": ""
            },
            "require": {
                "guzzlehttp/guzzle": "4.*",
                "php": ">=5.4"
            },
            "require-dev": {
                "mockery/mockery": "dev-master",
                "phpunit/phpunit": "4.4.*"
            },
            "type": "library",
            "autoload": {
                "psr-4": {
                    "Mabasic\\WakaTime\\": "src/"
                }
            },
            "notification-url": "https://packagist.org/downloads/",
            "license": [
                "MIT"
            ],
            "authors": [
                {
                    "name": "Mario Basic",
                    "email": "mario.basic@outlook.com"
                }
            ],
            "description": "WakaTime API for PHP",
            "keywords": [
                "api",
                "time tracking",
                "wakatime"
            ],
            "time": "2015-02-15 09:37:14"
        }
    ],
    "packages-dev": [
        {
            "name": "cakephp/debug_kit",
            "version": "2.2.x-dev",
            "source": {
                "type": "git",
                "url": "https://github.com/cakephp/debug_kit.git",
                "reference": "43ed7d47167f38f87b3f3a7acfea35ac7241d342"
            },
            "dist": {
                "type": "zip",
                "url": "https://api.github.com/repos/cakephp/debug_kit/zipball/43ed7d47167f38f87b3f3a7acfea35ac7241d342",
                "reference": "43ed7d47167f38f87b3f3a7acfea35ac7241d342",
                "shasum": ""
            },
            "require": {
                "composer/installers": "*",
                "php": ">=5.3.0"
            },
            "type": "cakephp-plugin",
            "extra": {
                "branch-alias": {
                    "dev-master": "2.2.x-dev"
                },
                "installer-name": "DebugKit"
            },
            "notification-url": "https://packagist.org/downloads/",
            "license": [
                "MIT"
            ],
            "authors": [
                {
                    "name": "Mark Story",
                    "homepage": "http://mark-story.com",
                    "role": "Author"
                },
                {
                    "name": "CakePHP Community",
                    "homepage": "https://github.com/cakephp/debug_kit/graphs/contributors"
                }
            ],
            "description": "CakePHP Debug Kit",
            "homepage": "https://github.com/cakephp/debug_kit",
            "keywords": [
                "cakephp",
                "debug",
                "kit"
            ],
            "time": "2015-05-30 13:10:48"
        }
    ],
    "aliases": [],
    "minimum-stability": "dev",
    "stability-flags": [],
    "prefer-stable": false,
    "prefer-lowest": false,
    "platform": {
        "php": "~5.5.0",
        "ext-mbstring": "*",
        "ext-memcached": "*"
    },
    "platform-dev": []
}
